
Microsoft Visual Studio Solution File, Format Version 12.00
# Visual Studio 2012
Project("{FAE04EC0-301F-11D3-BF4B-00C04F79EFBC}") = "PrimeraAplicacion", "PrimeraAplicacion\PrimeraAplicacion.csproj", "{3AC36B64-7069-4702-8FEF-9251EE05EA6E}"
EndProject
Project("{FAE04EC0-301F-11D3-BF4B-00C04F79EFBC}") = "EjersicioUno", "EjersicioUno\EjersicioUno.csproj", "{4AE47E05-BC55-479D-8E5F-24F9D2241EA4}"
EndProject
Global
	GlobalSection(SolutionConfigurationPlatforms) = preSolution
		Debug|Any CPU = Debug|Any CPU
		Release|Any CPU = Release|Any CPU
	EndGlobalSection
	GlobalSection(ProjectConfigurationPlatforms) = postSolution
		{3AC36B64-7069-4702-8FEF-9251EE05EA6E}.Debug|Any CPU.ActiveCfg = Debug|Any CPU
		{3AC36B64-7069-4702-8FEF-9251EE05EA6E}.Debug|Any CPU.Build.0 = Debug|Any CPU
		{3AC36B64-7069-4702-8FEF-9251EE05EA6E}.Release|Any CPU.ActiveCfg = Release|Any CPU
		{3AC36B64-7069-4702-8FEF-9251EE05EA6E}.Release|Any CPU.Build.0 = Release|Any CPU
		{4AE47E05-BC55-479D-8E5F-24F9D2241EA4}.Debug|Any CPU.ActiveCfg = Debug|Any CPU
		{4AE47E05-BC55-479D-8E5F-24F9D2241EA4}.Debug|Any CPU.Build.0 = Debug|Any CPU
		{4AE47E05-BC55-479D-8E5F-24F9D2241EA4}.Release|Any CPU.ActiveCfg = Release|Any CPU
		{4AE47E05-BC55-479D-8E5F-24F9D2241EA4}.Release|Any CPU.Build.0 = Release|Any CPU
	EndGlobalSection
	GlobalSection(SolutionProperties) = preSolution
		HideSolutionNode = FALSE
	EndGlobalSection
EndGlobal
